
Microsoft Visual Studio Solution File, Format Version 12.00
# Visual Studio Version 17
VisualStudioVersion = 17.0.31903.59
MinimumVisualStudioVersion = 10.0.40219.1
Project("{2150E333-8FDC-42A3-9474-1A3956D46DE8}") = "src", "src", "{827E0CD3-B72D-47B6-A68D-7590B98EB39B}"
EndProject
Project("{FAE04EC0-301F-11D3-BF4B-00C04F79EFBC}") = "PixelHomestead.Core", "src\PixelHomestead.Core\PixelHomestead.Core.csproj", "{7E874C44-60B6-4060-B8D9-7B80B71072D5}"
EndProject
Project("{FAE04EC0-301F-11D3-BF4B-00C04F79EFBC}") = "PixelHomestead.Game", "src\PixelHomestead.Game\PixelHomestead.Game.csproj", "{EB640976-DA51-4D27-AA66-48803DCA2AF4}"
EndProject
Project("{2150E333-8FDC-42A3-9474-1A3956D46DE8}") = "tests", "tests", "{0AB3BF05-4346-4AA6-1389-037BE0695223}"
EndProject
Project("{FAE04EC0-301F-11D3-BF4B-00C04F79EFBC}") = "PixelHomestead.SmokeTests", "tests\PixelHomestead.SmokeTests\PixelHomestead.SmokeTests.csproj", "{23AE8685-8252-433D-9640-129913BCF3FD}"
EndProject
Global
	GlobalSection(SolutionConfigurationPlatforms) = preSolution
		Debug|Any CPU = Debug|Any CPU
		Debug|x64 = Debug|x64
		Debug|x86 = Debug|x86
		Release|Any CPU = Release|Any CPU
		Release|x64 = Release|x64
		Release|x86 = Release|x86
	EndGlobalSection
	GlobalSection(ProjectConfigurationPlatforms) = postSolution
		{7E874C44-60B6-4060-B8D9-7B80B71072D5}.Debug|Any CPU.ActiveCfg = Debug|Any CPU
		{7E874C44-60B6-4060-B8D9-7B80B71072D5}.Debug|Any CPU.Build.0 = Debug|Any CPU
		{7E874C44-60B6-4060-B8D9-7B80B71072D5}.Debug|x64.ActiveCfg = Debug|Any CPU
		{7E874C44-60B6-4060-B8D9-7B80B71072D5}.Debug|x64.Build.0 = Debug|Any CPU
		{7E874C44-60B6-4060-B8D9-7B80B71072D5}.Debug|x86.ActiveCfg = Debug|Any CPU
		{7E874C44-60B6-4060-B8D9-7B80B71072D5}.Debug|x86.Build.0 = Debug|Any CPU
		{7E874C44-60B6-4060-B8D9-7B80B71072D5}.Release|Any CPU.ActiveCfg = Release|Any CPU
		{7E874C44-60B6-4060-B8D9-7B80B71072D5}.Release|Any CPU.Build.0 = Release|Any CPU
		{7E874C44-60B6-4060-B8D9-7B80B71072D5}.Release|x64.ActiveCfg = Release|Any CPU
		{7E874C44-60B6-4060-B8D9-7B80B71072D5}.Release|x64.Build.0 = Release|Any CPU
		{7E874C44-60B6-4060-B8D9-7B80B71072D5}.Release|x86.ActiveCfg = Release|Any CPU
		{7E874C44-60B6-4060-B8D9-7B80B71072D5}.Release|x86.Build.0 = Release|Any CPU
		{EB640976-DA51-4D27-AA66-48803DCA2AF4}.Debug|Any CPU.ActiveCfg = Debug|Any CPU
		{EB640976-DA51-4D27-AA66-48803DCA2AF4}.Debug|Any CPU.Build.0 = Debug|Any CPU
		{EB640976-DA51-4D27-AA66-48803DCA2AF4}.Debug|x64.ActiveCfg = Debug|Any CPU
		{EB640976-DA51-4D27-AA66-48803DCA2AF4}.Debug|x64.Build.0 = Debug|Any CPU
		{EB640976-DA51-4D27-AA66-48803DCA2AF4}.Debug|x86.ActiveCfg = Debug|Any CPU
		{EB640976-DA51-4D27-AA66-48803DCA2AF4}.Debug|x86.Build.0 = Debug|Any CPU
		{EB640976-DA51-4D27-AA66-48803DCA2AF4}.Release|Any CPU.ActiveCfg = Release|Any CPU
		{EB640976-DA51-4D27-AA66-48803DCA2AF4}.Release|Any CPU.Build.0 = Release|Any CPU
		{EB640976-DA51-4D27-AA66-48803DCA2AF4}.Release|x64.ActiveCfg = Release|Any CPU
		{EB640976-DA51-4D27-AA66-48803DCA2AF4}.Release|x64.Build.0 = Release|Any CPU
		{EB640976-DA51-4D27-AA66-48803DCA2AF4}.Release|x86.ActiveCfg = Release|Any CPU
		{EB640976-DA51-4D27-AA66-48803DCA2AF4}.Release|x86.Build.0 = Release|Any CPU
		{23AE8685-8252-433D-9640-129913BCF3FD}.Debug|Any CPU.ActiveCfg = Debug|Any CPU
		{23AE8685-8252-433D-9640-129913BCF3FD}.Debug|Any CPU.Build.0 = Debug|Any CPU
		{23AE8685-8252-433D-9640-129913BCF3FD}.Debug|x64.ActiveCfg = Debug|Any CPU
		{23AE8685-8252-433D-9640-129913BCF3FD}.Debug|x64.Build.0 = Debug|Any CPU
		{23AE8685-8252-433D-9640-129913BCF3FD}.Debug|x86.ActiveCfg = Debug|Any CPU
		{23AE8685-8252-433D-9640-129913BCF3FD}.Debug|x86.Build.0 = Debug|Any CPU
		{23AE8685-8252-433D-9640-129913BCF3FD}.Release|Any CPU.ActiveCfg = Release|Any CPU
		{23AE8685-8252-433D-9640-129913BCF3FD}.Release|Any CPU.Build.0 = Release|Any CPU
		{23AE8685-8252-433D-9640-129913BCF3FD}.Release|x64.ActiveCfg = Release|Any CPU
		{23AE8685-8252-433D-9640-129913BCF3FD}.Release|x64.Build.0 = Release|Any CPU
		{23AE8685-8252-433D-9640-129913BCF3FD}.Release|x86.ActiveCfg = Release|Any CPU
		{23AE8685-8252-433D-9640-129913BCF3FD}.Release|x86.Build.0 = Release|Any CPU
	EndGlobalSection
	GlobalSection(SolutionProperties) = preSolution
		HideSolutionNode = FALSE
	EndGlobalSection
	GlobalSection(NestedProjects) = preSolution
		{7E874C44-60B6-4060-B8D9-7B80B71072D5} = {827E0CD3-B72D-47B6-A68D-7590B98EB39B}
		{EB640976-DA51-4D27-AA66-48803DCA2AF4} = {827E0CD3-B72D-47B6-A68D-7590B98EB39B}
		{23AE8685-8252-433D-9640-129913BCF3FD} = {0AB3BF05-4346-4AA6-1389-037BE0695223}
	EndGlobalSection
EndGlobal
